
Microsoft Visual Studio Solution File, Format Version 12.00
# Visual Studio Version 17
VisualStudioVersion = 17.7.34221.43
MinimumVisualStudioVersion = 10.0.40219.1
Project("{FAE04EC0-301F-11D3-BF4B-00C04F79EFBC}") = "Resturant", "Resturant\Resturant.csproj", "{853AED1A-D76A-4CD0-864A-F77D8343CE24}"
EndProject
Global
	GlobalSection(SolutionConfigurationPlatforms) = preSolution
		Debug|Any CPU = Debug|Any CPU
		Release|Any CPU = Release|Any CPU
	EndGlobalSection
	GlobalSection(ProjectConfigurationPlatforms) = postSolution
		{853AED1A-D76A-4CD0-864A-F77D8343CE24}.Debug|Any CPU.ActiveCfg = Debug|Any CPU
		{853AED1A-D76A-4CD0-864A-F77D8343CE24}.Debug|Any CPU.Build.0 = Debug|Any CPU
		{853AED1A-D76A-4CD0-864A-F77D8343CE24}.Release|Any CPU.ActiveCfg = Release|Any CPU
		{853AED1A-D76A-4CD0-864A-F77D8343CE24}.Release|Any CPU.Build.0 = Release|Any CPU
	EndGlobalSection
	GlobalSection(SolutionProperties) = preSolution
		HideSolutionNode = FALSE
	EndGlobalSection
	GlobalSection(ExtensibilityGlobals) = postSolution
		SolutionGuid = {68080784-70BA-4800-AA0E-5B6F08446FF5}
	EndGlobalSection
EndGlobal
